
Microsoft Visual Studio Solution File, Format Version 12.00
# Visual Studio Version 17
VisualStudioVersion = 17.4.33205.214
MinimumVisualStudioVersion = 10.0.40219.1
Project("{9A19103F-16F7-4668-BE54-9A1E7A4F7556}") = "EchoREST", "EchoREST\EchoREST.csproj", "{568FFB46-94A0-422E-A69C-CCDD31BF3FB0}"
EndProject
Project("{2150E333-8FDC-42A3-9474-1A3956D46DE8}") = "misc", "misc", "{A53AB21A-6DA3-4FC6-9089-B671A96455C9}"
	ProjectSection(SolutionItems) = preProject
		LICENSE.txt = LICENSE.txt
		README.md = README.md
		EchoREST\requests.http = EchoREST\requests.http
		Screenshot.png = Screenshot.png
	EndProjectSection
EndProject
Project("{2150E333-8FDC-42A3-9474-1A3956D46DE8}") = "src", "src", "{9B07B158-77E8-4490-8EA8-0E9265CCCA69}"
EndProject
Global
	GlobalSection(SolutionConfigurationPlatforms) = preSolution
		Debug|Any CPU = Debug|Any CPU
		Release|Any CPU = Release|Any CPU
	EndGlobalSection
	GlobalSection(ProjectConfigurationPlatforms) = postSolution
		{568FFB46-94A0-422E-A69C-CCDD31BF3FB0}.Debug|Any CPU.ActiveCfg = Debug|Any CPU
		{568FFB46-94A0-422E-A69C-CCDD31BF3FB0}.Debug|Any CPU.Build.0 = Debug|Any CPU
		{568FFB46-94A0-422E-A69C-CCDD31BF3FB0}.Release|Any CPU.ActiveCfg = Release|Any CPU
		{568FFB46-94A0-422E-A69C-CCDD31BF3FB0}.Release|Any CPU.Build.0 = Release|Any CPU
	EndGlobalSection
	GlobalSection(SolutionProperties) = preSolution
		HideSolutionNode = FALSE
	EndGlobalSection
	GlobalSection(NestedProjects) = preSolution
		{568FFB46-94A0-422E-A69C-CCDD31BF3FB0} = {9B07B158-77E8-4490-8EA8-0E9265CCCA69}
	EndGlobalSection
	GlobalSection(ExtensibilityGlobals) = postSolution
		SolutionGuid = {631ADF55-1AC9-4BFA-8356-D75BF19C0EFF}
	EndGlobalSection
EndGlobal
